
Microsoft Visual Studio Solution File, Format Version 12.00
# Visual Studio Version 17
VisualStudioVersion = 17.1.32210.238
MinimumVisualStudioVersion = 10.0.40219.1
Project("{FAE04EC0-301F-11D3-BF4B-00C04F79EFBC}") = "FoodApp", "FoodApp\FoodApp.csproj", "{668A3E96-B1CF-4E26-9732-CED442FCEED9}"
EndProject
Global
	GlobalSection(SolutionConfigurationPlatforms) = preSolution
		Debug|Any CPU = Debug|Any CPU
		Release|Any CPU = Release|Any CPU
	EndGlobalSection
	GlobalSection(ProjectConfigurationPlatforms) = postSolution
		{668A3E96-B1CF-4E26-9732-CED442FCEED9}.Debug|Any CPU.ActiveCfg = Debug|Any CPU
		{668A3E96-B1CF-4E26-9732-CED442FCEED9}.Debug|Any CPU.Build.0 = Debug|Any CPU
		{668A3E96-B1CF-4E26-9732-CED442FCEED9}.Release|Any CPU.ActiveCfg = Release|Any CPU
		{668A3E96-B1CF-4E26-9732-CED442FCEED9}.Release|Any CPU.Build.0 = Release|Any CPU
	EndGlobalSection
	GlobalSection(SolutionProperties) = preSolution
		HideSolutionNode = FALSE
	EndGlobalSection
	GlobalSection(ExtensibilityGlobals) = postSolution
		SolutionGuid = {8755E5B0-8772-41F3-BCEA-ABD88F28612E}
	EndGlobalSection
EndGlobal
